// !$*UTF8*$!
{
	archiveVersion = 1;
	classes = {
	};
	objectVersion = 51;
	objects = {

/* Begin PBXBuildFile section */
		6E3447C0E05538A374212160 /* Pods_S_O_F_E.framework in Frameworks */ = {isa = PBXBuildFile; fileRef = F47B6312A5BED5C1F5EA9DB5 /* Pods_S_O_F_E.framework */; };
		B0496FB0251227D70064ADAD /* ForgetPasswordViewController.swift in Sources */ = {isa = PBXBuildFile; fileRef = B0496FAF251227D70064ADAD /* ForgetPasswordViewController.swift */; };
		B04AF48F2510FB54002D90EB /* HomeViewController.swift in Sources */ = {isa = PBXBuildFile; fileRef = B04AF48E2510FB54002D90EB /* HomeViewController.swift */; };
		B04AF49125111B8D002D90EB /* RegisterViewController.swift in Sources */ = {isa = PBXBuildFile; fileRef = B04AF49025111B8D002D90EB /* RegisterViewController.swift */; };
		B04AF49325111E3C002D90EB /* LoginViewController.swift in Sources */ = {isa = PBXBuildFile; fileRef = B04AF49225111E3C002D90EB /* LoginViewController.swift */; };
		B04BB66B25139BC10019BF9B /* GoogleService-Info.plist in Resources */ = {isa = PBXBuildFile; fileRef = B04BB66A25139BC10019BF9B /* GoogleService-Info.plist */; };
		B04BB66D2513C8110019BF9B /* KeyChainPasswordItem.swift in Sources */ = {isa = PBXBuildFile; fileRef = B04BB66C2513C8110019BF9B /* KeyChainPasswordItem.swift */; };
		B04BB6712513C9F40019BF9B /* KeychainConfigration.swift in Sources */ = {isa = PBXBuildFile; fileRef = B04BB6702513C9F40019BF9B /* KeychainConfigration.swift */; };
		B04BB6732513E5790019BF9B /* Constent.swift in Sources */ = {isa = PBXBuildFile; fileRef = B04BB6722513E5790019BF9B /* Constent.swift */; };
		B04D07A7250E4BB700100D1F /* AppDelegate.swift in Sources */ = {isa = PBXBuildFile; fileRef = B04D07A6250E4BB700100D1F /* AppDelegate.swift */; };
		B04D07A9250E4BB700100D1F /* SceneDelegate.swift in Sources */ = {isa = PBXBuildFile; fileRef = B04D07A8250E4BB700100D1F /* SceneDelegate.swift */; };
		B04D07AE250E4BB700100D1F /* Main.storyboard in Resources */ = {isa = PBXBuildFile; fileRef = B04D07AC250E4BB700100D1F /* Main.storyboard */; };
		B04D07B1250E4BB700100D1F /* S_O_F_E.xcdatamodeld in Sources */ = {isa = PBXBuildFile; fileRef = B04D07AF250E4BB700100D1F /* S_O_F_E.xcdatamodeld */; };
		B04D07B3250E4BBC00100D1F /* Assets.xcassets in Resources */ = {isa = PBXBuildFile; fileRef = B04D07B2250E4BBC00100D1F /* Assets.xcassets */; };
		B04D07B6250E4BBC00100D1F /* LaunchScreen.storyboard in Resources */ = {isa = PBXBuildFile; fileRef = B04D07B4250E4BBC00100D1F /* LaunchScreen.storyboard */; };
		B04D07C2250E907100100D1F /* Extentions.swift in Sources */ = {isa = PBXBuildFile; fileRef = B04D07C1250E907100100D1F /* Extentions.swift */; };
/* End PBXBuildFile section */

/* Begin PBXFileReference section */
		B0496FAF251227D70064ADAD /* ForgetPasswordViewController.swift */ = {isa = PBXFileReference; lastKnownFileType = sourcecode.swift; path = ForgetPasswordViewController.swift; sourceTree = "<group>"; };
		B04AF48E2510FB54002D90EB /* HomeViewController.swift */ = {isa = PBXFileReference; lastKnownFileType = sourcecode.swift; path = HomeViewController.swift; sourceTree = SOURCE_ROOT; };
		B04AF49025111B8D002D90EB /* RegisterViewController.swift */ = {isa = PBXFileReference; lastKnownFileType = sourcecode.swift; path = RegisterViewController.swift; sourceTree = SOURCE_ROOT; };
		B04AF49225111E3C002D90EB /* LoginViewController.swift */ = {isa = PBXFileReference; lastKnownFileType = sourcecode.swift; path = LoginViewController.swift; sourceTree = "<group>"; };
		B04BB66A25139BC10019BF9B /* GoogleService-Info.plist */ = {isa = PBXFileReference; fileEncoding = 4; lastKnownFileType = text.plist.xml; path = "GoogleService-Info.plist"; sourceTree = "<group>"; };
		B04BB66C2513C8110019BF9B /* KeyChainPasswordItem.swift */ = {isa = PBXFileReference; lastKnownFileType = sourcecode.swift; name = KeyChainPasswordItem.swift; path = "S.O.F.E/Support Files/KeyChainPasswordItem.swift"; sourceTree = SOURCE_ROOT; };
		B04BB6702513C9F40019BF9B /* KeychainConfigration.swift */ = {isa = PBXFileReference; lastKnownFileType = sourcecode.swift; path = KeychainConfigration.swift; sourceTree = SOURCE_ROOT; };
		B04BB6722513E5790019BF9B /* Constent.swift */ = {isa = PBXFileReference; lastKnownFileType = sourcecode.swift; name = Constent.swift; path = S.O.F.E/Constent.swift; sourceTree = SOURCE_ROOT; };
		B04D07A3250E4BB700100D1F /* S.O.F.E.app */ = {isa = PBXFileReference; explicitFileType = wrapper.application; includeInIndex = 0; path = S.O.F.E.app; sourceTree = BUILT_PRODUCTS_DIR; };
		B04D07A6250E4BB700100D1F /* AppDelegate.swift */ = {isa = PBXFileReference; lastKnownFileType = sourcecode.swift; path = AppDelegate.swift; sourceTree = "<group>"; };
		B04D07A8250E4BB700100D1F /* SceneDelegate.swift */ = {isa = PBXFileReference; lastKnownFileType = sourcecode.swift; path = SceneDelegate.swift; sourceTree = "<group>"; };
		B04D07AD250E4BB700100D1F /* Base */ = {isa = PBXFileReference; lastKnownFileType = file.storyboard; name = Base; path = Base.lproj/Main.storyboard; sourceTree = "<group>"; };
		B04D07B0250E4BB700100D1F /* S_O_F_E.xcdatamodel */ = {isa = PBXFileReference; lastKnownFileType = wrapper.xcdatamodel; path = S_O_F_E.xcdatamodel; sourceTree = "<group>"; };
		B04D07B2250E4BBC00100D1F /* Assets.xcassets */ = {isa = PBXFileReference; lastKnownFileType = folder.assetcatalog; path = Assets.xcassets; sourceTree = "<group>"; };
		B04D07B5250E4BBC00100D1F /* Base */ = {isa = PBXFileReference; lastKnownFileType = file.storyboard; name = Base; path = Base.lproj/LaunchScreen.storyboard; sourceTree = "<group>"; };
		B04D07B7250E4BBC00100D1F /* Info.plist */ = {isa = PBXFileReference; lastKnownFileType = text.plist.xml; path = Info.plist; sourceTree = "<group>"; };
		B04D07C1250E907100100D1F /* Extentions.swift */ = {isa = PBXFileReference; lastKnownFileType = sourcecode.swift; path = Extentions.swift; sourceTree = "<group>"; };
		CA177AE24D57021750E5EA8F /* Pods-S.O.F.E.release.xcconfig */ = {isa = PBXFileReference; includeInIndex = 1; lastKnownFileType = text.xcconfig; name = "Pods-S.O.F.E.release.xcconfig"; path = "Target Support Files/Pods-S.O.F.E/Pods-S.O.F.E.release.xcconfig"; sourceTree = "<group>"; };
		CEA9750F416D3D4DAB065C7C /* Pods-S.O.F.E.debug.xcconfig */ = {isa = PBXFileReference; includeInIndex = 1; lastKnownFileType = text.xcconfig; name = "Pods-S.O.F.E.debug.xcconfig"; path = "Target Support Files/Pods-S.O.F.E/Pods-S.O.F.E.debug.xcconfig"; sourceTree = "<group>"; };
		F47B6312A5BED5C1F5EA9DB5 /* Pods_S_O_F_E.framework */ = {isa = PBXFileReference; explicitFileType = wrapper.framework; includeInIndex = 0; path = Pods_S_O_F_E.framework; sourceTree = BUILT_PRODUCTS_DIR; };
/* End PBXFileReference section */

/* Begin PBXFrameworksBuildPhase section */
		B04D07A0250E4BB700100D1F /* Frameworks */ = {
			isa = PBXFrameworksBuildPhase;
			buildActionMask = 2147483647;
			files = (
				6E3447C0E05538A374212160 /* Pods_S_O_F_E.framework in Frameworks */,
			);
			runOnlyForDeploymentPostprocessing = 0;
		};
/* End PBXFrameworksBuildPhase section */

/* Begin PBXGroup section */
		B0480E11250F7839004BC5F3 /* Controller */ = {
			isa = PBXGroup;
			children = (
				B04AF49025111B8D002D90EB /* RegisterViewController.swift */,
				B0496FAF251227D70064ADAD /* ForgetPasswordViewController.swift */,
				B04AF48E2510FB54002D90EB /* HomeViewController.swift */,
				B04AF49225111E3C002D90EB /* LoginViewController.swift */,
			);
			path = Controller;
			sourceTree = "<group>";
		};
		B04BB66E2513C8280019BF9B /* Support Files */ = {
			isa = PBXGroup;
			children = (
				B04BB6722513E5790019BF9B /* Constent.swift */,
				B04BB6702513C9F40019BF9B /* KeychainConfigration.swift */,
				B04BB66C2513C8110019BF9B /* KeyChainPasswordItem.swift */,
				B04D07A6250E4BB700100D1F /* AppDelegate.swift */,
				B04D07A8250E4BB700100D1F /* SceneDelegate.swift */,
				B04D07C1250E907100100D1F /* Extentions.swift */,
			);
			path = "Support Files";
			sourceTree = "<group>";
		};
		B04BB66F2513C86B0019BF9B /* Views */ = {
			isa = PBXGroup;
			children = (
				B04D07AC250E4BB700100D1F /* Main.storyboard */,
				B04D07B4250E4BBC00100D1F /* LaunchScreen.storyboard */,
				B04D07B2250E4BBC00100D1F /* Assets.xcassets */,
			);
			path = Views;
			sourceTree = "<group>";
		};
		B04D079A250E4BB700100D1F = {
			isa = PBXGroup;
			children = (
				B04D07A5250E4BB700100D1F /* S.O.F.E */,
				B04D07A4250E4BB700100D1F /* Products */,
				C6E8F50B7C1F17D3D56B7A20 /* Pods */,
				D0B7E65FA6EDAF1A32D913D0 /* Frameworks */,
			);
			sourceTree = "<group>";
		};
		B04D07A4250E4BB700100D1F /* Products */ = {
			isa = PBXGroup;
			children = (
				B04D07A3250E4BB700100D1F /* S.O.F.E.app */,
			);
			name = Products;
			sourceTree = "<group>";
		};
		B04D07A5250E4BB700100D1F /* S.O.F.E */ = {
			isa = PBXGroup;
			children = (
				B04BB66E2513C8280019BF9B /* Support Files */,
				B0480E11250F7839004BC5F3 /* Controller */,
				B04BB66F2513C86B0019BF9B /* Views */,
				B04BB66A25139BC10019BF9B /* GoogleService-Info.plist */,
				B04D07B7250E4BBC00100D1F /* Info.plist */,
				B04D07AF250E4BB700100D1F /* S_O_F_E.xcdatamodeld */,
			);
			path = S.O.F.E;
			sourceTree = "<group>";
		};
		C6E8F50B7C1F17D3D56B7A20 /* Pods */ = {
			isa = PBXGroup;
			children = (
				CEA9750F416D3D4DAB065C7C /* Pods-S.O.F.E.debug.xcconfig */,
				CA177AE24D57021750E5EA8F /* Pods-S.O.F.E.release.xcconfig */,
			);
			path = Pods;
			sourceTree = "<group>";
		};
		D0B7E65FA6EDAF1A32D913D0 /* Frameworks */ = {
			isa = PBXGroup;
			children = (
				F47B6312A5BED5C1F5EA9DB5 /* Pods_S_O_F_E.framework */,
			);
			name = Frameworks;
			sourceTree = "<group>";
		};
/* End PBXGroup section */

/* Begin PBXNativeTarget section */
		B04D07A2250E4BB700100D1F /* S.O.F.E */ = {
			isa = PBXNativeTarget;
			buildConfigurationList = B04D07BA250E4BBC00100D1F /* Build configuration list for PBXNativeTarget "S.O.F.E" */;
			buildPhases = (
				593C0EBD8680503313B0F2FA /* [CP] Check Pods Manifest.lock */,
				B04D079F250E4BB700100D1F /* Sources */,
				B04D07A0250E4BB700100D1F /* Frameworks */,
				B04D07A1250E4BB700100D1F /* Resources */,
				CC066C8144CCC134DE3508A9 /* [CP] Embed Pods Frameworks */,
			);
			buildRules = (
			);
			dependencies = (
			);
			name = S.O.F.E;
			productName = S.O.F.E;
			productReference = B04D07A3250E4BB700100D1F /* S.O.F.E.app */;
			productType = "com.apple.product-type.application";
		};
/* End PBXNativeTarget section */

/* Begin PBXProject section */
		B04D079B250E4BB700100D1F /* Project object */ = {
			isa = PBXProject;
			attributes = {
				LastSwiftUpdateCheck = 1170;
				LastUpgradeCheck = 1170;
				ORGANIZATIONNAME = S.O.F.E;
				TargetAttributes = {
					B04D07A2250E4BB700100D1F = {
						CreatedOnToolsVersion = 11.7;
					};
				};
			};
			buildConfigurationList = B04D079E250E4BB700100D1F /* Build configuration list for PBXProject "S.O.F.E" */;
			compatibilityVersion = "Xcode 9.3";
			developmentRegion = en;
			hasScannedForEncodings = 0;
			knownRegions = (
				en,
				Base,
			);
			mainGroup = B04D079A250E4BB700100D1F;
			productRefGroup = B04D07A4250E4BB700100D1F /* Products */;
			projectDirPath = "";
			projectRoot = "";
			targets = (
				B04D07A2250E4BB700100D1F /* S.O.F.E */,
			);
		};
/* End PBXProject section */

/* Begin PBXResourcesBuildPhase section */
		B04D07A1250E4BB700100D1F /* Resources */ = {
			isa = PBXResourcesBuildPhase;
			buildActionMask = 2147483647;
			files = (
				B04D07B6250E4BBC00100D1F /* LaunchScreen.storyboard in Resources */,
				B04BB66B25139BC10019BF9B /* GoogleService-Info.plist in Resources */,
				B04D07B3250E4BBC00100D1F /* Assets.xcassets in Resources */,
				B04D07AE250E4BB700100D1F /* Main.storyboard in Resources */,
			);
			runOnlyForDeploymentPostprocessing = 0;
		};
/* End PBXResourcesBuildPhase section */

/* Begin PBXShellScriptBuildPhase section */
		593C0EBD8680503313B0F2FA /* [CP] Check Pods Manifest.lock */ = {
			isa = PBXShellScriptBuildPhase;
			buildActionMask = 2147483647;
			files = (
			);
			inputFileListPaths = (
			);
			inputPaths = (
				"${PODS_PODFILE_DIR_PATH}/Podfile.lock",
				"${PODS_ROOT}/Manifest.lock",
			);
			name = "[CP] Check Pods Manifest.lock";
			outputFileListPaths = (
			);
			outputPaths = (
				"$(DERIVED_FILE_DIR)/Pods-S.O.F.E-checkManifestLockResult.txt",
			);
			runOnlyForDeploymentPostprocessing = 0;
			shellPath = /bin/sh;
			shellScript = "diff \"${PODS_PODFILE_DIR_PATH}/Podfile.lock\" \"${PODS_ROOT}/Manifest.lock\" > /dev/null\nif [ $? != 0 ] ; then\n    # print error to STDERR\n    echo \"error: The sandbox is not in sync with the Podfile.lock. Run 'pod install' or update your CocoaPods installation.\" >&2\n    exit 1\nfi\n# This output is used by Xcode 'outputs' to avoid re-running this script phase.\necho \"SUCCESS\" > \"${SCRIPT_OUTPUT_FILE_0}\"\n";
			showEnvVarsInLog = 0;
		};
		CC066C8144CCC134DE3508A9 /* [CP] Embed Pods Frameworks */ = {
			isa = PBXShellScriptBuildPhase;
			buildActionMask = 2147483647;
			files = (
			);
			inputFileListPaths = (
				"${PODS_ROOT}/Target Support Files/Pods-S.O.F.E/Pods-S.O.F.E-frameworks-${CONFIGURATION}-input-files.xcfilelist",
			);
			name = "[CP] Embed Pods Frameworks";
			outputFileListPaths = (
				"${PODS_ROOT}/Target Support Files/Pods-S.O.F.E/Pods-S.O.F.E-frameworks-${CONFIGURATION}-output-files.xcfilelist",
			);
			runOnlyForDeploymentPostprocessing = 0;
			shellPath = /bin/sh;
			shellScript = "\"${PODS_ROOT}/Target Support Files/Pods-S.O.F.E/Pods-S.O.F.E-frameworks.sh\"\n";
			showEnvVarsInLog = 0;
		};
/* End PBXShellScriptBuildPhase section */

/* Begin PBXSourcesBuildPhase section */
		B04D079F250E4BB700100D1F /* Sources */ = {
			isa = PBXSourcesBuildPhase;
			buildActionMask = 2147483647;
			files = (
				B04AF49325111E3C002D90EB /* LoginViewController.swift in Sources */,
				B04BB66D2513C8110019BF9B /* KeyChainPasswordItem.swift in Sources */,
				B04D07A7250E4BB700100D1F /* AppDelegate.swift in Sources */,
				B04AF49125111B8D002D90EB /* RegisterViewController.swift in Sources */,
				B04D07C2250E907100100D1F /* Extentions.swift in Sources */,
				B04D07B1250E4BB700100D1F /* S_O_F_E.xcdatamodeld in Sources */,
				B04AF48F2510FB54002D90EB /* HomeViewController.swift in Sources */,
				B0496FB0251227D70064ADAD /* ForgetPasswordViewController.swift in Sources */,
				B04BB6712513C9F40019BF9B /* KeychainConfigration.swift in Sources */,
				B04D07A9250E4BB700100D1F /* SceneDelegate.swift in Sources */,
				B04BB6732513E5790019BF9B /* Constent.swift in Sources */,
			);
			runOnlyForDeploymentPostprocessing = 0;
		};
/* End PBXSourcesBuildPhase section */

/* Begin PBXVariantGroup section */
		B04D07AC250E4BB700100D1F /* Main.storyboard */ = {
			isa = PBXVariantGroup;
			children = (
				B04D07AD250E4BB700100D1F /* Base */,
			);
			name = Main.storyboard;
			sourceTree = "<group>";
		};
		B04D07B4250E4BBC00100D1F /* LaunchScreen.storyboard */ = {
			isa = PBXVariantGroup;
			children = (
				B04D07B5250E4BBC00100D1F /* Base */,
			);
			name = LaunchScreen.storyboard;
			sourceTree = "<group>";
		};
/* End PBXVariantGroup section */

/* Begin XCBuildConfiguration section */
		B04D07B8250E4BBC00100D1F /* Debug */ = {
			isa = XCBuildConfiguration;
			buildSettings = {
				ALWAYS_SEARCH_USER_PATHS = NO;
				CLANG_ANALYZER_NONNULL = YES;
				CLANG_ANALYZER_NUMBER_OBJECT_CONVERSION = YES_AGGRESSIVE;
				CLANG_CXX_LANGUAGE_STANDARD = "gnu++14";
				CLANG_CXX_LIBRARY = "libc++";
				CLANG_ENABLE_MODULES = YES;
				CLANG_ENABLE_OBJC_ARC = YES;
				CLANG_ENABLE_OBJC_WEAK = YES;
				CLANG_WARN_BLOCK_CAPTURE_AUTORELEASING = YES;
				CLANG_WARN_BOOL_CONVERSION = YES;
				CLANG_WARN_COMMA = YES;
				CLANG_WARN_CONSTANT_CONVERSION = YES;
				CLANG_WARN_DEPRECATED_OBJC_IMPLEMENTATIONS = YES;
				CLANG_WARN_DIRECT_OBJC_ISA_USAGE = YES_ERROR;
				CLANG_WARN_DOCUMENTATION_COMMENTS = YES;
				CLANG_WARN_EMPTY_BODY = YES;
				CLANG_WARN_ENUM_CONVERSION = YES;
				CLANG_WARN_INFINITE_RECURSION = YES;
				CLANG_WARN_INT_CONVERSION = YES;
				CLANG_WARN_NON_LITERAL_NULL_CONVERSION = YES;
				CLANG_WARN_OBJC_IMPLICIT_RETAIN_SELF = YES;
				CLANG_WARN_OBJC_LITERAL_CONVERSION = YES;
				CLANG_WARN_OBJC_ROOT_CLASS = YES_ERROR;
				CLANG_WARN_RANGE_LOOP_ANALYSIS = YES;
				CLANG_WARN_STRICT_PROTOTYPES = YES;
				CLANG_WARN_SUSPICIOUS_MOVE = YES;
				CLANG_WARN_UNGUARDED_AVAILABILITY = YES_AGGRESSIVE;
				CLANG_WARN_UNREACHABLE_CODE = YES;
				CLANG_WARN__DUPLICATE_METHOD_MATCH = YES;
				COPY_PHASE_STRIP = NO;
				DEBUG_INFORMATION_FORMAT = dwarf;
				ENABLE_STRICT_OBJC_MSGSEND = YES;
				ENABLE_TESTABILITY = YES;
				GCC_C_LANGUAGE_STANDARD = gnu11;
				GCC_DYNAMIC_NO_PIC = NO;
				GCC_NO_COMMON_BLOCKS = YES;
				GCC_OPTIMIZATION_LEVEL = 0;
				GCC_PREPROCESSOR_DEFINITIONS = (
					"DEBUG=1",
					"$(inherited)",
				);
				GCC_WARN_64_TO_32_BIT_CONVERSION = YES;
				GCC_WARN_ABOUT_RETURN_TYPE = YES_ERROR;
				GCC_WARN_UNDECLARED_SELECTOR = YES;
				GCC_WARN_UNINITIALIZED_AUTOS = YES_AGGRESSIVE;
				GCC_WARN_UNUSED_FUNCTION = YES;
				GCC_WARN_UNUSED_VARIABLE = YES;
				IPHONEOS_DEPLOYMENT_TARGET = 13.7;
				MTL_ENABLE_DEBUG_INFO = INCLUDE_SOURCE;
				MTL_FAST_MATH = YES;
				ONLY_ACTIVE_ARCH = YES;
				SDKROOT = iphoneos;
				SWIFT_ACTIVE_COMPILATION_CONDITIONS = DEBUG;
				SWIFT_OPTIMIZATION_LEVEL = "-Onone";
			};
			name = Debug;
		};
		B04D07B9250E4BBC00100D1F /* Release */ = {
			isa = XCBuildConfiguration;
			buildSettings = {
				ALWAYS_SEARCH_USER_PATHS = NO;
				CLANG_ANALYZER_NONNULL = YES;
				CLANG_ANALYZER_NUMBER_OBJECT_CONVERSION = YES_AGGRESSIVE;
				CLANG_CXX_LANGUAGE_STANDARD = "gnu++14";
				CLANG_CXX_LIBRARY = "libc++";
				CLANG_ENABLE_MODULES = YES;
				CLANG_ENABLE_OBJC_ARC = YES;
				CLANG_ENABLE_OBJC_WEAK = YES;
				CLANG_WARN_BLOCK_CAPTURE_AUTORELEASING = YES;
				CLANG_WARN_BOOL_CONVERSION = YES;
				CLANG_WARN_COMMA = YES;
				CLANG_WARN_CONSTANT_CONVERSION = YES;
				CLANG_WARN_DEPRECATED_OBJC_IMPLEMENTATIONS = YES;
				CLANG_WARN_DIRECT_OBJC_ISA_USAGE = YES_ERROR;
				CLANG_WARN_DOCUMENTATION_COMMENTS = YES;
				CLANG_WARN_EMPTY_BODY = YES;
				CLANG_WARN_ENUM_CONVERSION = YES;
				CLANG_WARN_INFINITE_RECURSION = YES;
				CLANG_WARN_INT_CONVERSION = YES;
				CLANG_WARN_NON_LITERAL_NULL_CONVERSION = YES;
				CLANG_WARN_OBJC_IMPLICIT_RETAIN_SELF = YES;
				CLANG_WARN_OBJC_LITERAL_CONVERSION = YES;
				CLANG_WARN_OBJC_ROOT_CLASS = YES_ERROR;
				CLANG_WARN_RANGE_LOOP_ANALYSIS = YES;
				CLANG_WARN_STRICT_PROTOTYPES = YES;
				CLANG_WARN_SUSPICIOUS_MOVE = YES;
				CLANG_WARN_UNGUARDED_AVAILABILITY = YES_AGGRESSIVE;
				CLANG_WARN_UNREACHABLE_CODE = YES;
				CLANG_WARN__DUPLICATE_METHOD_MATCH = YES;
				COPY_PHASE_STRIP = NO;
				DEBUG_INFORMATION_FORMAT = "dwarf-with-dsym";
				ENABLE_NS_ASSERTIONS = NO;
				ENABLE_STRICT_OBJC_MSGSEND = YES;
				GCC_C_LANGUAGE_STANDARD = gnu11;
				GCC_NO_COMMON_BLOCKS = YES;
				GCC_WARN_64_TO_32_BIT_CONVERSION = YES;
				GCC_WARN_ABOUT_RETURN_TYPE = YES_ERROR;
				GCC_WARN_UNDECLARED_SELECTOR = YES;
				GCC_WARN_UNINITIALIZED_AUTOS = YES_AGGRESSIVE;
				GCC_WARN_UNUSED_FUNCTION = YES;
				GCC_WARN_UNUSED_VARIABLE = YES;
				IPHONEOS_DEPLOYMENT_TARGET = 13.7;
				MTL_ENABLE_DEBUG_INFO = NO;
				MTL_FAST_MATH = YES;
				SDKROOT = iphoneos;
				SWIFT_COMPILATION_MODE = wholemodule;
				SWIFT_OPTIMIZATION_LEVEL = "-O";
				VALIDATE_PRODUCT = YES;
			};
			name = Release;
		};
		B04D07BB250E4BBC00100D1F /* Debug */ = {
			isa = XCBuildConfiguration;
			baseConfigurationReference = CEA9750F416D3D4DAB065C7C /* Pods-S.O.F.E.debug.xcconfig */;
			buildSettings = {
				ASSETCATALOG_COMPILER_APPICON_NAME = AppIcon;
				CODE_SIGN_STYLE = Automatic;
				DEVELOPMENT_TEAM = 382M44S89G;
				INFOPLIST_FILE = S.O.F.E/Info.plist;
				LD_RUNPATH_SEARCH_PATHS = (
					"$(inherited)",
					"@executable_path/Frameworks",
				);
				PRODUCT_BUNDLE_IDENTIFIER = "com.S.O.F.E.S-O-F-E";
				PRODUCT_NAME = "$(TARGET_NAME)";
				SWIFT_VERSION = 5.0;
				TARGETED_DEVICE_FAMILY = "1,2";
			};
			name = Debug;
		};
		B04D07BC250E4BBC00100D1F /* Release */ = {
			isa = XCBuildConfiguration;
			baseConfigurationReference = CA177AE24D57021750E5EA8F /* Pods-S.O.F.E.release.xcconfig */;
			buildSettings = {
				ASSETCATALOG_COMPILER_APPICON_NAME = AppIcon;
				CODE_SIGN_STYLE = Automatic;
				DEVELOPMENT_TEAM = 382M44S89G;
				INFOPLIST_FILE = S.O.F.E/Info.plist;
				LD_RUNPATH_SEARCH_PATHS = (
					"$(inherited)",
					"@executable_path/Frameworks",
				);
				PRODUCT_BUNDLE_IDENTIFIER = "com.S.O.F.E.S-O-F-E";
				PRODUCT_NAME = "$(TARGET_NAME)";
				SWIFT_VERSION = 5.0;
				TARGETED_DEVICE_FAMILY = "1,2";
			};
			name = Release;
		};
/* End XCBuildConfiguration section */

/* Begin XCConfigurationList section */
		B04D079E250E4BB700100D1F /* Build configuration list for PBXProject "S.O.F.E" */ = {
			isa = XCConfigurationList;
			buildConfigurations = (
				B04D07B8250E4BBC00100D1F /* Debug */,
				B04D07B9250E4BBC00100D1F /* Release */,
			);
			defaultConfigurationIsVisible = 0;
			defaultConfigurationName = Release;
		};
		B04D07BA250E4BBC00100D1F /* Build configuration list for PBXNativeTarget "S.O.F.E" */ = {
			isa = XCConfigurationList;
			buildConfigurations = (
				B04D07BB250E4BBC00100D1F /* Debug */,
				B04D07BC250E4BBC00100D1F /* Release */,
			);
			defaultConfigurationIsVisible = 0;
			defaultConfigurationName = Release;
		};
/* End XCConfigurationList section */

/* Begin XCVersionGroup section */
		B04D07AF250E4BB700100D1F /* S_O_F_E.xcdatamodeld */ = {
			isa = XCVersionGroup;
			children = (
				B04D07B0250E4BB700100D1F /* S_O_F_E.xcdatamodel */,
			);
			currentVersion = B04D07B0250E4BB700100D1F /* S_O_F_E.xcdatamodel */;
			path = S_O_F_E.xcdatamodeld;
			sourceTree = "<group>";
			versionGroupType = wrapper.xcdatamodel;
		};
/* End XCVersionGroup section */
	};
	rootObject = B04D079B250E4BB700100D1F /* Project object */;
}
